
Microsoft Visual Studio Solution File, Format Version 12.00
# Visual Studio Version 17
VisualStudioVersion = 17.8.34322.80
MinimumVisualStudioVersion = 10.0.40219.1
Project("{8BC9CEB8-8B4A-11D0-8D11-00A0C91BC942}") = "Core", "Engine\Core\Core.vcxproj", "{B12845FA-5F72-45A3-8F0F-D6CE39214544}"
EndProject
Project("{8BC9CEB8-8B4A-11D0-8D11-00A0C91BC942}") = "Math", "Engine\Math\Math.vcxproj", "{A9E67D8D-B89F-43E9-A932-346DA1256613}"
EndProject
Project("{8BC9CEB8-8B4A-11D0-8D11-00A0C91BC942}") = "Graphics", "Engine\Graphics\Graphics.vcxproj", "{AA32B446-9DCB-4D0B-88C2-F2844303E4D7}"
EndProject
Project("{8BC9CEB8-8B4A-11D0-8D11-00A0C91BC942}") = "Platform", "Platform\Platform.vcxproj", "{DD8C4D22-30D5-4C05-874C-01210F038B1B}"
EndProject
Project("{8BC9CEB8-8B4A-11D0-8D11-00A0C91BC942}") = "BasicLighting", "Samples\BasicLighting\BasicLighting.vcxproj", "{D8B52E6B-6870-4614-8220-C6CAE072F714}"
	ProjectSection(ProjectDependencies) = postProject
		{A9E67D8D-B89F-43E9-A932-346DA1256613} = {A9E67D8D-B89F-43E9-A932-346DA1256613}
		{AA32B446-9DCB-4D0B-88C2-F2844303E4D7} = {AA32B446-9DCB-4D0B-88C2-F2844303E4D7}
		{B12845FA-5F72-45A3-8F0F-D6CE39214544} = {B12845FA-5F72-45A3-8F0F-D6CE39214544}
		{DD8C4D22-30D5-4C05-874C-01210F038B1B} = {DD8C4D22-30D5-4C05-874C-01210F038B1B}
	EndProjectSection
EndProject
Project("{8BC9CEB8-8B4A-11D0-8D11-00A0C91BC942}") = "HelloTriangle", "Samples\HelloTriangle\HelloTriangle.vcxproj", "{D298C7D6-16CC-4194-AFB9-FC8C02ACB0A5}"
	ProjectSection(ProjectDependencies) = postProject
		{A9E67D8D-B89F-43E9-A932-346DA1256613} = {A9E67D8D-B89F-43E9-A932-346DA1256613}
		{AA32B446-9DCB-4D0B-88C2-F2844303E4D7} = {AA32B446-9DCB-4D0B-88C2-F2844303E4D7}
		{B12845FA-5F72-45A3-8F0F-D6CE39214544} = {B12845FA-5F72-45A3-8F0F-D6CE39214544}
		{DD8C4D22-30D5-4C05-874C-01210F038B1B} = {DD8C4D22-30D5-4C05-874C-01210F038B1B}
	EndProjectSection
EndProject
Project("{8BC9CEB8-8B4A-11D0-8D11-00A0C91BC942}") = "TextureMapping", "Samples\TextureMapping\TextureMapping.vcxproj", "{08CD495D-E7B0-4623-B728-51871A840B02}"
	ProjectSection(ProjectDependencies) = postProject
		{A9E67D8D-B89F-43E9-A932-346DA1256613} = {A9E67D8D-B89F-43E9-A932-346DA1256613}
		{AA32B446-9DCB-4D0B-88C2-F2844303E4D7} = {AA32B446-9DCB-4D0B-88C2-F2844303E4D7}
		{B12845FA-5F72-45A3-8F0F-D6CE39214544} = {B12845FA-5F72-45A3-8F0F-D6CE39214544}
		{DD8C4D22-30D5-4C05-874C-01210F038B1B} = {DD8C4D22-30D5-4C05-874C-01210F038B1B}
	EndProjectSection
EndProject
Project("{8BC9CEB8-8B4A-11D0-8D11-00A0C91BC942}") = "ShaderCompiler", "Tools\ShaderCompiler\ShaderCompiler.vcxproj", "{EBB442F0-04E3-4F7A-B7E1-21C57751A58B}"
EndProject
Project("{8BC9CEB8-8B4A-11D0-8D11-00A0C91BC942}") = "AssetConverter", "Tools\AssetConverter\AssetConverter.vcxproj", "{E498E735-55B7-43F8-9704-B47961FBEFAE}"
EndProject
Project("{8BC9CEB8-8B4A-11D0-8D11-00A0C91BC942}") = "ResourcePacker", "Tools\ResourcePacker\ResourcePacker.vcxproj", "{3C417BFA-BC0D-4ACE-82E3-FCF21FC9D016}"
EndProject
Project("{2150E333-8FDC-42A3-9474-1A3956D46DE8}") = "Engine", "Engine", "{C8D5274F-AC00-46C7-1F8D-E88E81087A52}"
EndProject
Project("{2150E333-8FDC-42A3-9474-1A3956D46DE8}") = "Tools", "Tools", "{EEB8CC46-F089-4684-8B26-BB8CF7E1600B}"
EndProject
Project("{2150E333-8FDC-42A3-9474-1A3956D46DE8}") = "Samples", "Samples", "{5848AF90-006E-E38B-7F64-F99DF9244BC9}"
EndProject
Project("{2150E333-8FDC-42A3-9474-1A3956D46DE8}") = "Platforms", "Platforms", "{60C33BD4-AE92-44F4-B107-7498CE501D3E}"
EndProject
Global
	GlobalSection(SolutionConfigurationPlatforms) = preSolution
		Debug|x64 = Debug|x64
		Debug|x86 = Debug|x86
		Release|x64 = Release|x64
		Release|x86 = Release|x86
	EndGlobalSection
	GlobalSection(ProjectConfigurationPlatforms) = postSolution
		{B12845FA-5F72-45A3-8F0F-D6CE39214544}.Debug|x64.ActiveCfg = Debug|x64
		{B12845FA-5F72-45A3-8F0F-D6CE39214544}.Debug|x64.Build.0 = Debug|x64
		{B12845FA-5F72-45A3-8F0F-D6CE39214544}.Debug|x86.ActiveCfg = Debug|Win32
		{B12845FA-5F72-45A3-8F0F-D6CE39214544}.Debug|x86.Build.0 = Debug|Win32
		{B12845FA-5F72-45A3-8F0F-D6CE39214544}.Release|x64.ActiveCfg = Release|x64
		{B12845FA-5F72-45A3-8F0F-D6CE39214544}.Release|x64.Build.0 = Release|x64
		{B12845FA-5F72-45A3-8F0F-D6CE39214544}.Release|x86.ActiveCfg = Release|Win32
		{B12845FA-5F72-45A3-8F0F-D6CE39214544}.Release|x86.Build.0 = Release|Win32
		{A9E67D8D-B89F-43E9-A932-346DA1256613}.Debug|x64.ActiveCfg = Debug|x64
		{A9E67D8D-B89F-43E9-A932-346DA1256613}.Debug|x64.Build.0 = Debug|x64
		{A9E67D8D-B89F-43E9-A932-346DA1256613}.Debug|x86.ActiveCfg = Debug|Win32
		{A9E67D8D-B89F-43E9-A932-346DA1256613}.Debug|x86.Build.0 = Debug|Win32
		{A9E67D8D-B89F-43E9-A932-346DA1256613}.Release|x64.ActiveCfg = Release|x64
		{A9E67D8D-B89F-43E9-A932-346DA1256613}.Release|x64.Build.0 = Release|x64
		{A9E67D8D-B89F-43E9-A932-346DA1256613}.Release|x86.ActiveCfg = Release|Win32
		{A9E67D8D-B89F-43E9-A932-346DA1256613}.Release|x86.Build.0 = Release|Win32
		{AA32B446-9DCB-4D0B-88C2-F2844303E4D7}.Debug|x64.ActiveCfg = Debug|x64
		{AA32B446-9DCB-4D0B-88C2-F2844303E4D7}.Debug|x64.Build.0 = Debug|x64
		{AA32B446-9DCB-4D0B-88C2-F2844303E4D7}.Debug|x86.ActiveCfg = Debug|Win32
		{AA32B446-9DCB-4D0B-88C2-F2844303E4D7}.Debug|x86.Build.0 = Debug|Win32
		{AA32B446-9DCB-4D0B-88C2-F2844303E4D7}.Release|x64.ActiveCfg = Release|x64
		{AA32B446-9DCB-4D0B-88C2-F2844303E4D7}.Release|x64.Build.0 = Release|x64
		{AA32B446-9DCB-4D0B-88C2-F2844303E4D7}.Release|x86.ActiveCfg = Release|Win32
		{AA32B446-9DCB-4D0B-88C2-F2844303E4D7}.Release|x86.Build.0 = Release|Win32
		{DD8C4D22-30D5-4C05-874C-01210F038B1B}.Debug|x64.ActiveCfg = Debug|x64
		{DD8C4D22-30D5-4C05-874C-01210F038B1B}.Debug|x64.Build.0 = Debug|x64
		{DD8C4D22-30D5-4C05-874C-01210F038B1B}.Debug|x86.ActiveCfg = Debug|Win32
		{DD8C4D22-30D5-4C05-874C-01210F038B1B}.Debug|x86.Build.0 = Debug|Win32
		{DD8C4D22-30D5-4C05-874C-01210F038B1B}.Release|x64.ActiveCfg = Release|x64
		{DD8C4D22-30D5-4C05-874C-01210F038B1B}.Release|x64.Build.0 = Release|x64
		{DD8C4D22-30D5-4C05-874C-01210F038B1B}.Release|x86.ActiveCfg = Release|Win32
		{DD8C4D22-30D5-4C05-874C-01210F038B1B}.Release|x86.Build.0 = Release|Win32
		{D8B52E6B-6870-4614-8220-C6CAE072F714}.Debug|x64.ActiveCfg = Debug|x64
		{D8B52E6B-6870-4614-8220-C6CAE072F714}.Debug|x64.Build.0 = Debug|x64
		{D8B52E6B-6870-4614-8220-C6CAE072F714}.Debug|x86.ActiveCfg = Debug|Win32
		{D8B52E6B-6870-4614-8220-C6CAE072F714}.Debug|x86.Build.0 = Debug|Win32
		{D8B52E6B-6870-4614-8220-C6CAE072F714}.Release|x64.ActiveCfg = Release|x64
		{D8B52E6B-6870-4614-8220-C6CAE072F714}.Release|x64.Build.0 = Release|x64
		{D8B52E6B-6870-4614-8220-C6CAE072F714}.Release|x86.ActiveCfg = Release|Win32
		{D8B52E6B-6870-4614-8220-C6CAE072F714}.Release|x86.Build.0 = Release|Win32
		{D298C7D6-16CC-4194-AFB9-FC8C02ACB0A5}.Debug|x64.ActiveCfg = Debug|x64
		{D298C7D6-16CC-4194-AFB9-FC8C02ACB0A5}.Debug|x64.Build.0 = Debug|x64
		{D298C7D6-16CC-4194-AFB9-FC8C02ACB0A5}.Debug|x86.ActiveCfg = Debug|Win32
		{D298C7D6-16CC-4194-AFB9-FC8C02ACB0A5}.Debug|x86.Build.0 = Debug|Win32
		{D298C7D6-16CC-4194-AFB9-FC8C02ACB0A5}.Release|x64.ActiveCfg = Release|x64
		{D298C7D6-16CC-4194-AFB9-FC8C02ACB0A5}.Release|x64.Build.0 = Release|x64
		{D298C7D6-16CC-4194-AFB9-FC8C02ACB0A5}.Release|x86.ActiveCfg = Release|Win32
		{D298C7D6-16CC-4194-AFB9-FC8C02ACB0A5}.Release|x86.Build.0 = Release|Win32
		{08CD495D-E7B0-4623-B728-51871A840B02}.Debug|x64.ActiveCfg = Debug|x64
		{08CD495D-E7B0-4623-B728-51871A840B02}.Debug|x64.Build.0 = Debug|x64
		{08CD495D-E7B0-4623-B728-51871A840B02}.Debug|x86.ActiveCfg = Debug|Win32
		{08CD495D-E7B0-4623-B728-51871A840B02}.Debug|x86.Build.0 = Debug|Win32
		{08CD495D-E7B0-4623-B728-51871A840B02}.Release|x64.ActiveCfg = Release|x64
		{08CD495D-E7B0-4623-B728-51871A840B02}.Release|x64.Build.0 = Release|x64
		{08CD495D-E7B0-4623-B728-51871A840B02}.Release|x86.ActiveCfg = Release|Win32
		{08CD495D-E7B0-4623-B728-51871A840B02}.Release|x86.Build.0 = Release|Win32
		{EBB442F0-04E3-4F7A-B7E1-21C57751A58B}.Debug|x64.ActiveCfg = Debug|x64
		{EBB442F0-04E3-4F7A-B7E1-21C57751A58B}.Debug|x64.Build.0 = Debug|x64
		{EBB442F0-04E3-4F7A-B7E1-21C57751A58B}.Debug|x86.ActiveCfg = Debug|Win32
		{EBB442F0-04E3-4F7A-B7E1-21C57751A58B}.Debug|x86.Build.0 = Debug|Win32
		{EBB442F0-04E3-4F7A-B7E1-21C57751A58B}.Release|x64.ActiveCfg = Release|x64
		{EBB442F0-04E3-4F7A-B7E1-21C57751A58B}.Release|x64.Build.0 = Release|x64
		{EBB442F0-04E3-4F7A-B7E1-21C57751A58B}.Release|x86.ActiveCfg = Release|Win32
		{EBB442F0-04E3-4F7A-B7E1-21C57751A58B}.Release|x86.Build.0 = Release|Win32
		{E498E735-55B7-43F8-9704-B47961FBEFAE}.Debug|x64.ActiveCfg = Debug|x64
		{E498E735-55B7-43F8-9704-B47961FBEFAE}.Debug|x64.Build.0 = Debug|x64
		{E498E735-55B7-43F8-9704-B47961FBEFAE}.Debug|x86.ActiveCfg = Debug|Win32
		{E498E735-55B7-43F8-9704-B47961FBEFAE}.Debug|x86.Build.0 = Debug|Win32
		{E498E735-55B7-43F8-9704-B47961FBEFAE}.Release|x64.ActiveCfg = Release|x64
		{E498E735-55B7-43F8-9704-B47961FBEFAE}.Release|x64.Build.0 = Release|x64
		{E498E735-55B7-43F8-9704-B47961FBEFAE}.Release|x86.ActiveCfg = Release|Win32
		{E498E735-55B7-43F8-9704-B47961FBEFAE}.Release|x86.Build.0 = Release|Win32
		{3C417BFA-BC0D-4ACE-82E3-FCF21FC9D016}.Debug|x64.ActiveCfg = Debug|x64
		{3C417BFA-BC0D-4ACE-82E3-FCF21FC9D016}.Debug|x64.Build.0 = Debug|x64
		{3C417BFA-BC0D-4ACE-82E3-FCF21FC9D016}.Debug|x86.ActiveCfg = Debug|Win32
		{3C417BFA-BC0D-4ACE-82E3-FCF21FC9D016}.Debug|x86.Build.0 = Debug|Win32
		{3C417BFA-BC0D-4ACE-82E3-FCF21FC9D016}.Release|x64.ActiveCfg = Release|x64
		{3C417BFA-BC0D-4ACE-82E3-FCF21FC9D016}.Release|x64.Build.0 = Release|x64
		{3C417BFA-BC0D-4ACE-82E3-FCF21FC9D016}.Release|x86.ActiveCfg = Release|Win32
		{3C417BFA-BC0D-4ACE-82E3-FCF21FC9D016}.Release|x86.Build.0 = Release|Win32
	EndGlobalSection
	GlobalSection(SolutionProperties) = preSolution
		HideSolutionNode = FALSE
	EndGlobalSection
	GlobalSection(NestedProjects) = preSolution
		{B12845FA-5F72-45A3-8F0F-D6CE39214544} = {C8D5274F-AC00-46C7-1F8D-E88E81087A52}
		{A9E67D8D-B89F-43E9-A932-346DA1256613} = {C8D5274F-AC00-46C7-1F8D-E88E81087A52}
		{AA32B446-9DCB-4D0B-88C2-F2844303E4D7} = {C8D5274F-AC00-46C7-1F8D-E88E81087A52}
		{DD8C4D22-30D5-4C05-874C-01210F038B1B} = {60C33BD4-AE92-44F4-B107-7498CE501D3E}
		{D8B52E6B-6870-4614-8220-C6CAE072F714} = {5848AF90-006E-E38B-7F64-F99DF9244BC9}
		{D298C7D6-16CC-4194-AFB9-FC8C02ACB0A5} = {5848AF90-006E-E38B-7F64-F99DF9244BC9}
		{08CD495D-E7B0-4623-B728-51871A840B02} = {5848AF90-006E-E38B-7F64-F99DF9244BC9}
		{EBB442F0-04E3-4F7A-B7E1-21C57751A58B} = {EEB8CC46-F089-4684-8B26-BB8CF7E1600B}
		{E498E735-55B7-43F8-9704-B47961FBEFAE} = {EEB8CC46-F089-4684-8B26-BB8CF7E1600B}
		{3C417BFA-BC0D-4ACE-82E3-FCF21FC9D016} = {EEB8CC46-F089-4684-8B26-BB8CF7E1600B}
	EndGlobalSection
	GlobalSection(ExtensibilityGlobals) = postSolution
		SolutionGuid = {0461EA58-DCBD-43F8-902F-E8D98B435CF6}
	EndGlobalSection
EndGlobal
